
Microsoft Visual Studio Solution File, Format Version 12.00
# Visual Studio Version 16
VisualStudioVersion = 16.0.30406.217
MinimumVisualStudioVersion = 10.0.40219.1
Project("{FAE04EC0-301F-11D3-BF4B-00C04F79EFBC}") = "CRUDMVCwithouEF", "CRUDMVCwithouEF\CRUDMVCwithouEF.csproj", "{941098ED-85E1-423C-AC0D-D2EDC47F64ED}"
EndProject
Global
	GlobalSection(SolutionConfigurationPlatforms) = preSolution
		Debug|Any CPU = Debug|Any CPU
		Release|Any CPU = Release|Any CPU
	EndGlobalSection
	GlobalSection(ProjectConfigurationPlatforms) = postSolution
		{941098ED-85E1-423C-AC0D-D2EDC47F64ED}.Debug|Any CPU.ActiveCfg = Debug|Any CPU
		{941098ED-85E1-423C-AC0D-D2EDC47F64ED}.Debug|Any CPU.Build.0 = Debug|Any CPU
		{941098ED-85E1-423C-AC0D-D2EDC47F64ED}.Release|Any CPU.ActiveCfg = Release|Any CPU
		{941098ED-85E1-423C-AC0D-D2EDC47F64ED}.Release|Any CPU.Build.0 = Release|Any CPU
	EndGlobalSection
	GlobalSection(SolutionProperties) = preSolution
		HideSolutionNode = FALSE
	EndGlobalSection
	GlobalSection(ExtensibilityGlobals) = postSolution
		SolutionGuid = {6CD13984-5EA8-40E2-9288-13D3075E6633}
	EndGlobalSection
EndGlobal
